<?xml version="1.0" encoding="utf-8"?>
<Project ToolsVersion="4.0" xmlns="http://schemas.microsoft.com/developer/msbuild/2003">
  <ItemGroup>
    <Filter Include="Source Files">
      <UniqueIdentifier>{4FC737F1-C7A5-4376-A066-2A32D752A2FF}</UniqueIdentifier>
      <Extensions>cpp;c;cc;cxx;def;odl;idl;hpj;bat;asm;asmx</Extensions>
    </Filter>
    <Filter Include="Header Files">
      <UniqueIdentifier>{93995380-89BD-4b04-88EB-625FBE52EBFB}</UniqueIdentifier>
      <Extensions>h;hh;hpp;hxx;hm;inl;inc;ipp;xsd</Extensions>
    </Filter>
    <Filter Include="Resource Files">
      <UniqueIdentifier>{67DA6AB6-F800-4c08-8B7A-83BB121AAD01}</UniqueIdentifier>
      <Extensions>rc;ico;cur;bmp;dlg;rc2;rct;bin;rgs;gif;jpg;jpeg;jpe;resx;tiff;tif;png;wav;mfcribbon-ms</Extensions>
    </Filter>
    <Filter Include="Header Files\Graph">
      <UniqueIdentifier>{98386d4a-170e-42d0-b36c-e60f4695d969}</UniqueIdentifier>
    </Filter>
    <Filter Include="Header Files\UI">
      <UniqueIdentifier>{3a6cea08-c128-42a8-9f75-ceea32a2218f}</UniqueIdentifier>
    </Filter>
    <Filter Include="Source Files\UI">
      <UniqueIdentifier>{51d70ed0-9eaa-4fb1-8938-3638e8e1ee1a}</UniqueIdentifier>
    </Filter>
    <Filter Include="Source Files\Graph">
      <UniqueIdentifier>{819573a8-2ef0-4b30-9348-163e08c3f4f1}</UniqueIdentifier>
    </Filter>
    <Filter Include="Header Files\Entities">
      <UniqueIdentifier>{87ccabfc-8f00-440b-8f42-85d80702b630}</UniqueIdentifier>
    </Filter>
    <Filter Include="Source Files\Entities">
      <UniqueIdentifier>{3c4e5bc3-aa72-4ac3-bd7b-fc0a3e505742}</UniqueIdentifier>
    </Filter>
    <Filter Include="Header Files\Maps">
      <UniqueIdentifier>{a653ebde-5921-479a-bd6a-36b78ca2d351}</UniqueIdentifier>
    </Filter>
    <Filter Include="Source Files\Maps">
      <UniqueIdentifier>{ee0c743e-8933-43d7-9f1c-f002c2970a8c}</UniqueIdentifier>
    </Filter>
  </ItemGroup>
  <ItemGroup>
    <ClInclude Include="include\graph\Graph.h">
      <Filter>Header Files\Graph</Filter>
    </ClInclude>
    <ClInclude Include="include\graph\Node.h">
      <Filter>Header Files\Graph</Filter>
    </ClInclude>
    <ClInclude Include="include\entities\Entity.h">
      <Filter>Header Files\Entities</Filter>
    </ClInclude>
    <ClInclude Include="include\ui\Tile.h">
      <Filter>Header Files\UI</Filter>
    </ClInclude>
    <ClInclude Include="stdafx.h" />
    <ClInclude Include="targetver.h" />
    <ClInclude Include="DungeonCrawler.h" />
    <ClInclude Include="include\maps\TileMap.h">
      <Filter>Header Files\Maps</Filter>
    </ClInclude>
  </ItemGroup>
  <ItemGroup>
    <ClCompile Include="src\graph\Node.cpp">
      <Filter>Source Files\Graph</Filter>
    </ClCompile>
    <ClCompile Include="src\ui\Tile.cpp">
      <Filter>Source Files\UI</Filter>
    </ClCompile>
    <ClCompile Include="src\entities\Entity.cpp">
      <Filter>Source Files\Entities</Filter>
    </ClCompile>
    <ClCompile Include="stdafx.cpp" />
    <ClCompile Include="DungeonCrawler.cpp" />
    <ClCompile Include="src\maps\TileMap.cpp">
      <Filter>Source Files\Maps</Filter>
    </ClCompile>
  </ItemGroup>
  <ItemGroup>
    <Image Include="resources\player_mage_sheet.png">
      <Filter>Resource Files</Filter>
    </Image>
    <Image Include="resources\mage.png">
      <Filter>Resource Files</Filter>
    </Image>
  </ItemGroup>
  <ItemGroup>
    <None Include="resources\map.json">
      <Filter>Resource Files</Filter>
    </None>
  </ItemGroup>
</Project>